
Microsoft Visual Studio Solution File, Format Version 12.00
# Visual Studio Version 16
VisualStudioVersion = 16.0.29911.84
MinimumVisualStudioVersion = 10.0.40219.1
Project("{FAE04EC0-301F-11D3-BF4B-00C04F79EFBC}") = "TP_Chats", "TP_Chats\TP_Chats.csproj", "{1A0FDDFA-FD34-41D6-98D1-1537780EC876}"
EndProject
Global
	GlobalSection(SolutionConfigurationPlatforms) = preSolution
		Debug|Any CPU = Debug|Any CPU
		Release|Any CPU = Release|Any CPU
	EndGlobalSection
	GlobalSection(ProjectConfigurationPlatforms) = postSolution
		{1A0FDDFA-FD34-41D6-98D1-1537780EC876}.Debug|Any CPU.ActiveCfg = Debug|Any CPU
		{1A0FDDFA-FD34-41D6-98D1-1537780EC876}.Debug|Any CPU.Build.0 = Debug|Any CPU
		{1A0FDDFA-FD34-41D6-98D1-1537780EC876}.Release|Any CPU.ActiveCfg = Release|Any CPU
		{1A0FDDFA-FD34-41D6-98D1-1537780EC876}.Release|Any CPU.Build.0 = Release|Any CPU
	EndGlobalSection
	GlobalSection(SolutionProperties) = preSolution
		HideSolutionNode = FALSE
	EndGlobalSection
	GlobalSection(ExtensibilityGlobals) = postSolution
		SolutionGuid = {CD4C8C8D-40F0-4CF4-A348-60E5CB81B101}
	EndGlobalSection
EndGlobal
